{
  "name": "test",
  "version": "1.0.0",
  "lockfileVersion": 2,
  "requires": true,
  "packages": {
    "": {
      "name": "test",
      "version": "1.0.0",
      "license": "ISC",
      "dependencies": {
        "zklib-32ble": "github:williamstudios/zklib-32LE"
      }
    },
    "node_modules/zklib-32ble": {
      "version": "2.0.3",
      "resolved": "git+ssh://git@github.com/williamstudios/zklib-32LE.git#0bb4a798d03d6140c48ae7fae47e764ddc4e8d23",
      "license": "ISC"
    }
  },
  "dependencies": {
    "zklib-32ble": {
      "version": "git+ssh://git@github.com/williamstudios/zklib-32LE.git#0bb4a798d03d6140c48ae7fae47e764ddc4e8d23",
      "from": "zklib-32ble@https://github.com/williamstudios/zklib-32LE.git"
    }
  }
}
